github.com/DavidGamba/go-getoptions v0.23.0 h1:j8q36PvconcXzKphnnOmmUcKGpcpHfbaAZ/FD0qwdd0=
github.com/DavidGamba/go-getoptions v0.23.0/go.mod h1:qLaLSYeQ8sUVOfKuu5JT5qKKS3OCwyhkYSJnoG+ggmo=
github.com/goombaio/dag v0.0.0-20181006234417-a8874b1f72ff h1:TWR7dWx09TvI7hfy3H1TXwazeOCRUC5+Gove4hefk6o=
github.com/goombaio/dag v0.0.0-20181006234417-a8874b1f72ff/go.mod h1:QulI5HOQMQJGBYLdTkWDiHWvz+E323DSypoD42v2wEU=
github.com/goombaio/orderedmap v0.0.0-20180919235155-bc5581d0235c/go.mod h1:YKu81H3RSd1cFh0d7NhvUoTtUC9IY/vBX0WUQb1/o4Y=
github.com/goombaio/orderedmap v0.0.0-20180924084748-ba921b7e2419 h1:SajEQ6tktpF9SRIuzbiPOX9AEZZ53Bvw0k9Mzrts8Lg=
github.com/goombaio/orderedmap v0.0.0-20180924084748-ba921b7e2419/go.mod h1:YKu81H3RSd1cFh0d7NhvUoTtUC9IY/vBX0WUQb1/o4Y=
github.com/goombaio/orderedset v0.0.0-20180924084730-d1b9fdd81eca h1:RiwElNGM1lrT2a3hAuQn36nM4HWI4bOgIWi077O33Yk=
github.com/goombaio/orderedset v0.0.0-20180924084730-d1b9fdd81eca/go.mod h1:6oeyMssEjbCGe1BCbSckd6C1TYxeP5Cgp8BoKejycj0=
golang.org/x/sys v0.0.0-20210326220804-49726bf1d181 h1:64ChN/hjER/taL4YJuA+gpLfIMT+/NFherRZixbxOhg=
golang.org/x/sys v0.0.0-20210326220804-49726bf1d181/go.mod h1:h1NjWce9XRLGQEsW7wpKNCjG9DtNlClVuFLEZdDNbEs=
